// !$*UTF8*$!
{
	archiveVersion = 1;
	classes = {
	};
	objectVersion = 50;
	objects = {

/* Begin PBXBuildFile section */
		CE2E285324CFE68D00262C21 /* libmpi.40.dylib in Frameworks */ = {isa = PBXBuildFile; fileRef = CE2E285224CFE68D00262C21 /* libmpi.40.dylib */; };
		CE67B5D224C5BF0400FE88D6 /* main.cpp in Sources */ = {isa = PBXBuildFile; fileRef = CE67B5D124C5BF0400FE88D6 /* main.cpp */; };
/* End PBXBuildFile section */

/* Begin PBXCopyFilesBuildPhase section */
		CE67B5CC24C5BF0400FE88D6 /* CopyFiles */ = {
			isa = PBXCopyFilesBuildPhase;
			buildActionMask = 2147483647;
			dstPath = /usr/share/man/man1/;
			dstSubfolderSpec = 0;
			files = (
			);
			runOnlyForDeploymentPostprocessing = 1;
		};
/* End PBXCopyFilesBuildPhase section */

/* Begin PBXFileReference section */
		CE2E285224CFE68D00262C21 /* libmpi.40.dylib */ = {isa = PBXFileReference; lastKnownFileType = "compiled.mach-o.dylib"; name = libmpi.40.dylib; path = "../../../../../usr/local/Cellar/open-mpi/4.0.4_1/lib/libmpi.40.dylib"; sourceTree = "<group>"; };
		CE67B5CE24C5BF0400FE88D6 /* infrastructure */ = {isa = PBXFileReference; explicitFileType = "compiled.mach-o.executable"; includeInIndex = 0; path = infrastructure; sourceTree = BUILT_PRODUCTS_DIR; };
		CE67B5D124C5BF0400FE88D6 /* main.cpp */ = {isa = PBXFileReference; lastKnownFileType = sourcecode.cpp.cpp; path = main.cpp; sourceTree = "<group>"; };
/* End PBXFileReference section */

/* Begin PBXFrameworksBuildPhase section */
		CE67B5CB24C5BF0400FE88D6 /* Frameworks */ = {
			isa = PBXFrameworksBuildPhase;
			buildActionMask = 2147483647;
			files = (
				CE2E285324CFE68D00262C21 /* libmpi.40.dylib in Frameworks */,
			);
			runOnlyForDeploymentPostprocessing = 0;
		};
/* End PBXFrameworksBuildPhase section */

/* Begin PBXGroup section */
		CE2E285124CFE68D00262C21 /* Frameworks */ = {
			isa = PBXGroup;
			children = (
				CE2E285224CFE68D00262C21 /* libmpi.40.dylib */,
			);
			name = Frameworks;
			sourceTree = "<group>";
		};
		CE67B5C524C5BF0400FE88D6 = {
			isa = PBXGroup;
			children = (
				CE67B5D024C5BF0400FE88D6 /* infrastructure */,
				CE67B5CF24C5BF0400FE88D6 /* Products */,
				CE2E285124CFE68D00262C21 /* Frameworks */,
			);
			sourceTree = "<group>";
		};
		CE67B5CF24C5BF0400FE88D6 /* Products */ = {
			isa = PBXGroup;
			children = (
				CE67B5CE24C5BF0400FE88D6 /* infrastructure */,
			);
			name = Products;
			sourceTree = "<group>";
		};
		CE67B5D024C5BF0400FE88D6 /* infrastructure */ = {
			isa = PBXGroup;
			children = (
				CE67B5D124C5BF0400FE88D6 /* main.cpp */,
			);
			path = infrastructure;
			sourceTree = "<group>";
		};
/* End PBXGroup section */

/* Begin PBXNativeTarget section */
		CE67B5CD24C5BF0400FE88D6 /* infrastructure */ = {
			isa = PBXNativeTarget;
			buildConfigurationList = CE67B5D524C5BF0400FE88D6 /* Build configuration list for PBXNativeTarget "infrastructure" */;
			buildPhases = (
				CE67B5CA24C5BF0400FE88D6 /* Sources */,
				CE67B5CB24C5BF0400FE88D6 /* Frameworks */,
				CE67B5CC24C5BF0400FE88D6 /* CopyFiles */,
			);
			buildRules = (
			);
			dependencies = (
			);
			name = infrastructure;
			productName = infrastructure;
			productReference = CE67B5CE24C5BF0400FE88D6 /* infrastructure */;
			productType = "com.apple.product-type.tool";
		};
/* End PBXNativeTarget section */

/* Begin PBXProject section */
		CE67B5C624C5BF0400FE88D6 /* Project object */ = {
			isa = PBXProject;
			attributes = {
				LastUpgradeCheck = 1130;
				ORGANIZATIONNAME = User;
				TargetAttributes = {
					CE67B5CD24C5BF0400FE88D6 = {
						CreatedOnToolsVersion = 11.3.1;
					};
				};
			};
			buildConfigurationList = CE67B5C924C5BF0400FE88D6 /* Build configuration list for PBXProject "infrastructure" */;
			compatibilityVersion = "Xcode 9.3";
			developmentRegion = en;
			hasScannedForEncodings = 0;
			knownRegions = (
				en,
				Base,
			);
			mainGroup = CE67B5C524C5BF0400FE88D6;
			productRefGroup = CE67B5CF24C5BF0400FE88D6 /* Products */;
			projectDirPath = "";
			projectRoot = "";
			targets = (
				CE67B5CD24C5BF0400FE88D6 /* infrastructure */,
			);
		};
/* End PBXProject section */

/* Begin PBXSourcesBuildPhase section */
		CE67B5CA24C5BF0400FE88D6 /* Sources */ = {
			isa = PBXSourcesBuildPhase;
			buildActionMask = 2147483647;
			files = (
				CE67B5D224C5BF0400FE88D6 /* main.cpp in Sources */,
			);
			runOnlyForDeploymentPostprocessing = 0;
		};
/* End PBXSourcesBuildPhase section */

/* Begin XCBuildConfiguration section */
		CE67B5D324C5BF0400FE88D6 /* Debug */ = {
			isa = XCBuildConfiguration;
			buildSettings = {
				ALWAYS_SEARCH_USER_PATHS = NO;
				CLANG_ANALYZER_NONNULL = YES;
				CLANG_ANALYZER_NUMBER_OBJECT_CONVERSION = YES_AGGRESSIVE;
				CLANG_CXX_LANGUAGE_STANDARD = "gnu++14";
				CLANG_CXX_LIBRARY = "libc++";
				CLANG_ENABLE_MODULES = YES;
				CLANG_ENABLE_OBJC_ARC = YES;
				CLANG_ENABLE_OBJC_WEAK = YES;
				CLANG_WARN_BLOCK_CAPTURE_AUTORELEASING = YES;
				CLANG_WARN_BOOL_CONVERSION = YES;
				CLANG_WARN_COMMA = YES;
				CLANG_WARN_CONSTANT_CONVERSION = YES;
				CLANG_WARN_DEPRECATED_OBJC_IMPLEMENTATIONS = YES;
				CLANG_WARN_DIRECT_OBJC_ISA_USAGE = YES_ERROR;
				CLANG_WARN_DOCUMENTATION_COMMENTS = YES;
				CLANG_WARN_EMPTY_BODY = YES;
				CLANG_WARN_ENUM_CONVERSION = YES;
				CLANG_WARN_INFINITE_RECURSION = YES;
				CLANG_WARN_INT_CONVERSION = YES;
				CLANG_WARN_NON_LITERAL_NULL_CONVERSION = YES;
				CLANG_WARN_OBJC_IMPLICIT_RETAIN_SELF = YES;
				CLANG_WARN_OBJC_LITERAL_CONVERSION = YES;
				CLANG_WARN_OBJC_ROOT_CLASS = YES_ERROR;
				CLANG_WARN_RANGE_LOOP_ANALYSIS = YES;
				CLANG_WARN_STRICT_PROTOTYPES = YES;
				CLANG_WARN_SUSPICIOUS_MOVE = YES;
				CLANG_WARN_UNGUARDED_AVAILABILITY = YES_AGGRESSIVE;
				CLANG_WARN_UNREACHABLE_CODE = YES;
				CLANG_WARN__DUPLICATE_METHOD_MATCH = YES;
				COPY_PHASE_STRIP = NO;
				DEBUG_INFORMATION_FORMAT = dwarf;
				ENABLE_STRICT_OBJC_MSGSEND = YES;
				ENABLE_TESTABILITY = YES;
				GCC_C_LANGUAGE_STANDARD = gnu11;
				GCC_DYNAMIC_NO_PIC = NO;
				GCC_NO_COMMON_BLOCKS = YES;
				GCC_OPTIMIZATION_LEVEL = 0;
				GCC_PREPROCESSOR_DEFINITIONS = (
					"DEBUG=1",
					"$(inherited)",
				);
				GCC_WARN_64_TO_32_BIT_CONVERSION = YES;
				GCC_WARN_ABOUT_RETURN_TYPE = YES_ERROR;
				GCC_WARN_UNDECLARED_SELECTOR = YES;
				GCC_WARN_UNINITIALIZED_AUTOS = YES_AGGRESSIVE;
				GCC_WARN_UNUSED_FUNCTION = YES;
				GCC_WARN_UNUSED_VARIABLE = YES;
				MACOSX_DEPLOYMENT_TARGET = 10.14;
				MTL_ENABLE_DEBUG_INFO = INCLUDE_SOURCE;
				MTL_FAST_MATH = YES;
				ONLY_ACTIVE_ARCH = YES;
				SDKROOT = macosx;
			};
			name = Debug;
		};
		CE67B5D424C5BF0400FE88D6 /* Release */ = {
			isa = XCBuildConfiguration;
			buildSettings = {
				ALWAYS_SEARCH_USER_PATHS = NO;
				CLANG_ANALYZER_NONNULL = YES;
				CLANG_ANALYZER_NUMBER_OBJECT_CONVERSION = YES_AGGRESSIVE;
				CLANG_CXX_LANGUAGE_STANDARD = "gnu++14";
				CLANG_CXX_LIBRARY = "libc++";
				CLANG_ENABLE_MODULES = YES;
				CLANG_ENABLE_OBJC_ARC = YES;
				CLANG_ENABLE_OBJC_WEAK = YES;
				CLANG_WARN_BLOCK_CAPTURE_AUTORELEASING = YES;
				CLANG_WARN_BOOL_CONVERSION = YES;
				CLANG_WARN_COMMA = YES;
				CLANG_WARN_CONSTANT_CONVERSION = YES;
				CLANG_WARN_DEPRECATED_OBJC_IMPLEMENTATIONS = YES;
				CLANG_WARN_DIRECT_OBJC_ISA_USAGE = YES_ERROR;
				CLANG_WARN_DOCUMENTATION_COMMENTS = YES;
				CLANG_WARN_EMPTY_BODY = YES;
				CLANG_WARN_ENUM_CONVERSION = YES;
				CLANG_WARN_INFINITE_RECURSION = YES;
				CLANG_WARN_INT_CONVERSION = YES;
				CLANG_WARN_NON_LITERAL_NULL_CONVERSION = YES;
				CLANG_WARN_OBJC_IMPLICIT_RETAIN_SELF = YES;
				CLANG_WARN_OBJC_LITERAL_CONVERSION = YES;
				CLANG_WARN_OBJC_ROOT_CLASS = YES_ERROR;
				CLANG_WARN_RANGE_LOOP_ANALYSIS = YES;
				CLANG_WARN_STRICT_PROTOTYPES = YES;
				CLANG_WARN_SUSPICIOUS_MOVE = YES;
				CLANG_WARN_UNGUARDED_AVAILABILITY = YES_AGGRESSIVE;
				CLANG_WARN_UNREACHABLE_CODE = YES;
				CLANG_WARN__DUPLICATE_METHOD_MATCH = YES;
				COPY_PHASE_STRIP = NO;
				DEBUG_INFORMATION_FORMAT = "dwarf-with-dsym";
				ENABLE_NS_ASSERTIONS = NO;
				ENABLE_STRICT_OBJC_MSGSEND = YES;
				GCC_C_LANGUAGE_STANDARD = gnu11;
				GCC_NO_COMMON_BLOCKS = YES;
				GCC_WARN_64_TO_32_BIT_CONVERSION = YES;
				GCC_WARN_ABOUT_RETURN_TYPE = YES_ERROR;
				GCC_WARN_UNDECLARED_SELECTOR = YES;
				GCC_WARN_UNINITIALIZED_AUTOS = YES_AGGRESSIVE;
				GCC_WARN_UNUSED_FUNCTION = YES;
				GCC_WARN_UNUSED_VARIABLE = YES;
				MACOSX_DEPLOYMENT_TARGET = 10.14;
				MTL_ENABLE_DEBUG_INFO = NO;
				MTL_FAST_MATH = YES;
				SDKROOT = macosx;
			};
			name = Release;
		};
		CE67B5D624C5BF0400FE88D6 /* Debug */ = {
			isa = XCBuildConfiguration;
			buildSettings = {
				CODE_SIGN_STYLE = Automatic;
				GCC_VERSION = "";
				HEADER_SEARCH_PATHS = "/usr/local/Cellar/open-mpi/4.0.4_1/include";
				LIBRARY_SEARCH_PATHS = "/usr/local/Cellar/open-mpi/4.0.4_1/lib";
				PRODUCT_NAME = "$(TARGET_NAME)";
			};
			name = Debug;
		};
		CE67B5D724C5BF0400FE88D6 /* Release */ = {
			isa = XCBuildConfiguration;
			buildSettings = {
				CODE_SIGN_STYLE = Automatic;
				GCC_VERSION = "";
				HEADER_SEARCH_PATHS = "/usr/local/Cellar/open-mpi/4.0.4_1/include";
				LIBRARY_SEARCH_PATHS = "/usr/local/Cellar/open-mpi/4.0.4_1/lib";
				PRODUCT_NAME = "$(TARGET_NAME)";
			};
			name = Release;
		};
/* End XCBuildConfiguration section */

/* Begin XCConfigurationList section */
		CE67B5C924C5BF0400FE88D6 /* Build configuration list for PBXProject "infrastructure" */ = {
			isa = XCConfigurationList;
			buildConfigurations = (
				CE67B5D324C5BF0400FE88D6 /* Debug */,
				CE67B5D424C5BF0400FE88D6 /* Release */,
			);
			defaultConfigurationIsVisible = 0;
			defaultConfigurationName = Release;
		};
		CE67B5D524C5BF0400FE88D6 /* Build configuration list for PBXNativeTarget "infrastructure" */ = {
			isa = XCConfigurationList;
			buildConfigurations = (
				CE67B5D624C5BF0400FE88D6 /* Debug */,
				CE67B5D724C5BF0400FE88D6 /* Release */,
			);
			defaultConfigurationIsVisible = 0;
			defaultConfigurationName = Release;
		};
/* End XCConfigurationList section */
	};
	rootObject = CE67B5C624C5BF0400FE88D6 /* Project object */;
}
